// !$*UTF8*$!
{
	archiveVersion = 1;
	classes = {
	};
	objectVersion = 46;
	objects = {

/* Begin PBXBuildFile section */
		6F465B0D1805632D0097BC5F /* Foundation.framework in Frameworks */ = {isa = PBXBuildFile; fileRef = 6F465B0C1805632D0097BC5F /* Foundation.framework */; };
		6F465B121805632D0097BC5F /* AeroGearCrypto.h in CopyFiles */ = {isa = PBXBuildFile; fileRef = 6F465B111805632D0097BC5F /* AeroGearCrypto.h */; };
		6F465B331805683D0097BC5F /* Security.framework in Frameworks */ = {isa = PBXBuildFile; fileRef = 6F465B321805683D0097BC5F /* Security.framework */; };
		6F9BE75A180C0B200045D8AE /* SenTestingKit.framework in Frameworks */ = {isa = PBXBuildFile; fileRef = 6F9BE759180C0B200045D8AE /* SenTestingKit.framework */; };
		6F9BE75B180C0B200045D8AE /* Foundation.framework in Frameworks */ = {isa = PBXBuildFile; fileRef = 6F465B0C1805632D0097BC5F /* Foundation.framework */; };
		6F9BE75C180C0B200045D8AE /* UIKit.framework in Frameworks */ = {isa = PBXBuildFile; fileRef = 6F465B1D1805632E0097BC5F /* UIKit.framework */; };
		6F9BE762180C0B200045D8AE /* InfoPlist.strings in Resources */ = {isa = PBXBuildFile; fileRef = 6F9BE760180C0B200045D8AE /* InfoPlist.strings */; };
		6FBA76A0180D706700D83DDE /* AGCryptoBox.m in Sources */ = {isa = PBXBuildFile; fileRef = 6FBA769D180D706700D83DDE /* AGCryptoBox.m */; };
		6FBA76A1180D706700D83DDE /* AGRandomGenerator.m in Sources */ = {isa = PBXBuildFile; fileRef = 6FBA769F180D706700D83DDE /* AGRandomGenerator.m */; };
		6FBA76A3180D707500D83DDE /* AGCryptoSpec.m in Sources */ = {isa = PBXBuildFile; fileRef = 6FBA76A2180D707500D83DDE /* AGCryptoSpec.m */; };
		6FBA76A4180D711400D83DDE /* Security.framework in Frameworks */ = {isa = PBXBuildFile; fileRef = 6F465B321805683D0097BC5F /* Security.framework */; };
		6FE41133180D758B008A5A51 /* libcrypto-sdk.a in Frameworks */ = {isa = PBXBuildFile; fileRef = 6F465B091805632D0097BC5F /* libcrypto-sdk.a */; };
		D96ED974C2DB4A5189FEB9FA /* libPods-crypto-sdkTests.a in Frameworks */ = {isa = PBXBuildFile; fileRef = 99D48B0BF93A48E9A159E810 /* libPods-crypto-sdkTests.a */; };
/* End PBXBuildFile section */

/* Begin PBXContainerItemProxy section */
		6FE41131180D7543008A5A51 /* PBXContainerItemProxy */ = {
			isa = PBXContainerItemProxy;
			containerPortal = 6F465B011805632D0097BC5F /* Project object */;
			proxyType = 1;
			remoteGlobalIDString = 6F465B081805632D0097BC5F;
			remoteInfo = "crypto-sdk";
		};
/* End PBXContainerItemProxy section */

/* Begin PBXCopyFilesBuildPhase section */
		6F465B071805632D0097BC5F /* CopyFiles */ = {
			isa = PBXCopyFilesBuildPhase;
			buildActionMask = 2147483647;
			dstPath = "include/$(PRODUCT_NAME)";
			dstSubfolderSpec = 16;
			files = (
				6F465B121805632D0097BC5F /* AeroGearCrypto.h in CopyFiles */,
			);
			runOnlyForDeploymentPostprocessing = 0;
		};
/* End PBXCopyFilesBuildPhase section */

/* Begin PBXFileReference section */
		1C0677ED7AA143CCBC2E5F5D /* Pods-crypto-sdkTests.xcconfig */ = {isa = PBXFileReference; includeInIndex = 1; lastKnownFileType = text.xcconfig; name = "Pods-crypto-sdkTests.xcconfig"; path = "Pods/Pods-crypto-sdkTests.xcconfig"; sourceTree = "<group>"; };
		6F465B091805632D0097BC5F /* libcrypto-sdk.a */ = {isa = PBXFileReference; explicitFileType = archive.ar; includeInIndex = 0; path = "libcrypto-sdk.a"; sourceTree = BUILT_PRODUCTS_DIR; };
		6F465B0C1805632D0097BC5F /* Foundation.framework */ = {isa = PBXFileReference; lastKnownFileType = wrapper.framework; name = Foundation.framework; path = System/Library/Frameworks/Foundation.framework; sourceTree = SDKROOT; };
		6F465B101805632D0097BC5F /* crypto-sdk-Prefix.pch */ = {isa = PBXFileReference; lastKnownFileType = sourcecode.c.h; path = "crypto-sdk-Prefix.pch"; sourceTree = "<group>"; };
		6F465B111805632D0097BC5F /* AeroGearCrypto.h */ = {isa = PBXFileReference; lastKnownFileType = sourcecode.c.h; path = AeroGearCrypto.h; sourceTree = "<group>"; };
		6F465B1A1805632E0097BC5F /* XCTest.framework */ = {isa = PBXFileReference; lastKnownFileType = wrapper.framework; name = XCTest.framework; path = Library/Frameworks/XCTest.framework; sourceTree = DEVELOPER_DIR; };
		6F465B1D1805632E0097BC5F /* UIKit.framework */ = {isa = PBXFileReference; lastKnownFileType = wrapper.framework; name = UIKit.framework; path = Library/Frameworks/UIKit.framework; sourceTree = DEVELOPER_DIR; };
		6F465B321805683D0097BC5F /* Security.framework */ = {isa = PBXFileReference; lastKnownFileType = wrapper.framework; name = Security.framework; path = System/Library/Frameworks/Security.framework; sourceTree = SDKROOT; };
		6F9BE758180C0B200045D8AE /* crypto-sdkTests.octest */ = {isa = PBXFileReference; explicitFileType = wrapper.cfbundle; includeInIndex = 0; path = "crypto-sdkTests.octest"; sourceTree = BUILT_PRODUCTS_DIR; };
		6F9BE759180C0B200045D8AE /* SenTestingKit.framework */ = {isa = PBXFileReference; lastKnownFileType = wrapper.framework; name = SenTestingKit.framework; path = Library/Frameworks/SenTestingKit.framework; sourceTree = DEVELOPER_DIR; };
		6F9BE75F180C0B200045D8AE /* crypto-sdkTests-Info.plist */ = {isa = PBXFileReference; lastKnownFileType = text.plist.xml; path = "crypto-sdkTests-Info.plist"; sourceTree = "<group>"; };
		6F9BE761180C0B200045D8AE /* en */ = {isa = PBXFileReference; lastKnownFileType = text.plist.strings; name = en; path = en.lproj/InfoPlist.strings; sourceTree = "<group>"; };
		6F9BE765180C0B200045D8AE /* crypto-sdkTests-Prefix.pch */ = {isa = PBXFileReference; lastKnownFileType = sourcecode.c.h; path = "crypto-sdkTests-Prefix.pch"; sourceTree = "<group>"; };
		6FBA769B180D706700D83DDE /* AeroGearCrypto.h */ = {isa = PBXFileReference; fileEncoding = 4; lastKnownFileType = sourcecode.c.h; path = AeroGearCrypto.h; sourceTree = "<group>"; };
		6FBA769C180D706700D83DDE /* AGCryptoBox.h */ = {isa = PBXFileReference; fileEncoding = 4; lastKnownFileType = sourcecode.c.h; path = AGCryptoBox.h; sourceTree = "<group>"; };
		6FBA769D180D706700D83DDE /* AGCryptoBox.m */ = {isa = PBXFileReference; fileEncoding = 4; lastKnownFileType = sourcecode.c.objc; path = AGCryptoBox.m; sourceTree = "<group>"; };
		6FBA769E180D706700D83DDE /* AGRandomGenerator.h */ = {isa = PBXFileReference; fileEncoding = 4; lastKnownFileType = sourcecode.c.h; path = AGRandomGenerator.h; sourceTree = "<group>"; };
		6FBA769F180D706700D83DDE /* AGRandomGenerator.m */ = {isa = PBXFileReference; fileEncoding = 4; lastKnownFileType = sourcecode.c.objc; path = AGRandomGenerator.m; sourceTree = "<group>"; };
		6FBA76A2180D707500D83DDE /* AGCryptoSpec.m */ = {isa = PBXFileReference; fileEncoding = 4; lastKnownFileType = sourcecode.c.objc; path = AGCryptoSpec.m; sourceTree = "<group>"; };
		99D48B0BF93A48E9A159E810 /* libPods-crypto-sdkTests.a */ = {isa = PBXFileReference; explicitFileType = archive.ar; includeInIndex = 0; path = "libPods-crypto-sdkTests.a"; sourceTree = BUILT_PRODUCTS_DIR; };
/* End PBXFileReference section */

/* Begin PBXFrameworksBuildPhase section */
		6F465B061805632D0097BC5F /* Frameworks */ = {
			isa = PBXFrameworksBuildPhase;
			buildActionMask = 2147483647;
			files = (
				6F465B331805683D0097BC5F /* Security.framework in Frameworks */,
				6F465B0D1805632D0097BC5F /* Foundation.framework in Frameworks */,
			);
			runOnlyForDeploymentPostprocessing = 0;
		};
		6F9BE755180C0B200045D8AE /* Frameworks */ = {
			isa = PBXFrameworksBuildPhase;
			buildActionMask = 2147483647;
			files = (
				6FE41133180D758B008A5A51 /* libcrypto-sdk.a in Frameworks */,
				6FBA76A4180D711400D83DDE /* Security.framework in Frameworks */,
				6F9BE75A180C0B200045D8AE /* SenTestingKit.framework in Frameworks */,
				6F9BE75C180C0B200045D8AE /* UIKit.framework in Frameworks */,
				6F9BE75B180C0B200045D8AE /* Foundation.framework in Frameworks */,
				D96ED974C2DB4A5189FEB9FA /* libPods-crypto-sdkTests.a in Frameworks */,
			);
			runOnlyForDeploymentPostprocessing = 0;
		};
/* End PBXFrameworksBuildPhase section */

/* Begin PBXGroup section */
		6F465B001805632D0097BC5F = {
			isa = PBXGroup;
			children = (
				6F465B0E1805632D0097BC5F /* crypto-sdk */,
				6F9BE75D180C0B200045D8AE /* crypto-sdkTests */,
				6F465B0B1805632D0097BC5F /* Frameworks */,
				6F465B0A1805632D0097BC5F /* Products */,
				1C0677ED7AA143CCBC2E5F5D /* Pods-crypto-sdkTests.xcconfig */,
			);
			sourceTree = "<group>";
		};
		6F465B0A1805632D0097BC5F /* Products */ = {
			isa = PBXGroup;
			children = (
				6F465B091805632D0097BC5F /* libcrypto-sdk.a */,
				6F9BE758180C0B200045D8AE /* crypto-sdkTests.octest */,
			);
			name = Products;
			sourceTree = "<group>";
		};
		6F465B0B1805632D0097BC5F /* Frameworks */ = {
			isa = PBXGroup;
			children = (
				6F465B321805683D0097BC5F /* Security.framework */,
				6F465B0C1805632D0097BC5F /* Foundation.framework */,
				6F465B1A1805632E0097BC5F /* XCTest.framework */,
				6F465B1D1805632E0097BC5F /* UIKit.framework */,
				99D48B0BF93A48E9A159E810 /* libPods-crypto-sdkTests.a */,
				6F9BE759180C0B200045D8AE /* SenTestingKit.framework */,
			);
			name = Frameworks;
			sourceTree = "<group>";
		};
		6F465B0E1805632D0097BC5F /* crypto-sdk */ = {
			isa = PBXGroup;
			children = (
				6FBA769B180D706700D83DDE /* AeroGearCrypto.h */,
				6FBA769C180D706700D83DDE /* AGCryptoBox.h */,
				6FBA769D180D706700D83DDE /* AGCryptoBox.m */,
				6FBA769E180D706700D83DDE /* AGRandomGenerator.h */,
				6FBA769F180D706700D83DDE /* AGRandomGenerator.m */,
				6F465B111805632D0097BC5F /* AeroGearCrypto.h */,
				6F465B0F1805632D0097BC5F /* Supporting Files */,
			);
			path = "crypto-sdk";
			sourceTree = "<group>";
		};
		6F465B0F1805632D0097BC5F /* Supporting Files */ = {
			isa = PBXGroup;
			children = (
				6F465B101805632D0097BC5F /* crypto-sdk-Prefix.pch */,
			);
			name = "Supporting Files";
			sourceTree = "<group>";
		};
		6F9BE75D180C0B200045D8AE /* crypto-sdkTests */ = {
			isa = PBXGroup;
			children = (
				6F9BE75E180C0B200045D8AE /* Supporting Files */,
				6FBA76A2180D707500D83DDE /* AGCryptoSpec.m */,
			);
			path = "crypto-sdkTests";
			sourceTree = "<group>";
		};
		6F9BE75E180C0B200045D8AE /* Supporting Files */ = {
			isa = PBXGroup;
			children = (
				6F9BE75F180C0B200045D8AE /* crypto-sdkTests-Info.plist */,
				6F9BE760180C0B200045D8AE /* InfoPlist.strings */,
				6F9BE765180C0B200045D8AE /* crypto-sdkTests-Prefix.pch */,
			);
			name = "Supporting Files";
			sourceTree = "<group>";
		};
/* End PBXGroup section */

/* Begin PBXNativeTarget section */
		6F465B081805632D0097BC5F /* crypto-sdk */ = {
			isa = PBXNativeTarget;
			buildConfigurationList = 6F465B2C1805632E0097BC5F /* Build configuration list for PBXNativeTarget "crypto-sdk" */;
			buildPhases = (
				6F465B051805632D0097BC5F /* Sources */,
				6F465B061805632D0097BC5F /* Frameworks */,
				6F465B071805632D0097BC5F /* CopyFiles */,
			);
			buildRules = (
			);
			dependencies = (
			);
			name = "crypto-sdk";
			productName = "crypto-sdk";
			productReference = 6F465B091805632D0097BC5F /* libcrypto-sdk.a */;
			productType = "com.apple.product-type.library.static";
		};
		6F9BE757180C0B200045D8AE /* crypto-sdkTests */ = {
			isa = PBXNativeTarget;
			buildConfigurationList = 6F9BE768180C0B200045D8AE /* Build configuration list for PBXNativeTarget "crypto-sdkTests" */;
			buildPhases = (
				80D422A121C24C2F926A5B61 /* Check Pods Manifest.lock */,
				6F9BE754180C0B200045D8AE /* Sources */,
				6F9BE755180C0B200045D8AE /* Frameworks */,
				6F9BE756180C0B200045D8AE /* Resources */,
				C0A0F6AE4CCA4F92937A0630 /* Copy Pods Resources */,
			);
			buildRules = (
			);
			dependencies = (
				6FE41132180D7543008A5A51 /* PBXTargetDependency */,
			);
			name = "crypto-sdkTests";
			productName = "crypto-sdkTests";
			productReference = 6F9BE758180C0B200045D8AE /* crypto-sdkTests.octest */;
			productType = "com.apple.product-type.bundle";
		};
/* End PBXNativeTarget section */

/* Begin PBXProject section */
		6F465B011805632D0097BC5F /* Project object */ = {
			isa = PBXProject;
			attributes = {
				LastUpgradeCheck = 0500;
				ORGANIZATIONNAME = AeroGear;
				TargetAttributes = {
					6F9BE757180C0B200045D8AE = {
						TestTargetID = 6F465B081805632D0097BC5F;
					};
				};
			};
			buildConfigurationList = 6F465B041805632D0097BC5F /* Build configuration list for PBXProject "crypto-sdk" */;
			compatibilityVersion = "Xcode 3.2";
			developmentRegion = English;
			hasScannedForEncodings = 0;
			knownRegions = (
				en,
			);
			mainGroup = 6F465B001805632D0097BC5F;
			productRefGroup = 6F465B0A1805632D0097BC5F /* Products */;
			projectDirPath = "";
			projectRoot = "";
			targets = (
				6F465B081805632D0097BC5F /* crypto-sdk */,
				6F9BE757180C0B200045D8AE /* crypto-sdkTests */,
			);
		};
/* End PBXProject section */

/* Begin PBXResourcesBuildPhase section */
		6F9BE756180C0B200045D8AE /* Resources */ = {
			isa = PBXResourcesBuildPhase;
			buildActionMask = 2147483647;
			files = (
				6F9BE762180C0B200045D8AE /* InfoPlist.strings in Resources */,
			);
			runOnlyForDeploymentPostprocessing = 0;
		};
/* End PBXResourcesBuildPhase section */

/* Begin PBXShellScriptBuildPhase section */
		80D422A121C24C2F926A5B61 /* Check Pods Manifest.lock */ = {
			isa = PBXShellScriptBuildPhase;
			buildActionMask = 2147483647;
			files = (
			);
			inputPaths = (
			);
			name = "Check Pods Manifest.lock";
			outputPaths = (
			);
			runOnlyForDeploymentPostprocessing = 0;
			shellPath = /bin/sh;
			shellScript = "diff \"${PODS_ROOT}/../Podfile.lock\" \"${PODS_ROOT}/Manifest.lock\" > /dev/null\nif [[ $? != 0 ]] ; then\n    cat << EOM\nerror: The sandbox is not in sync with the Podfile.lock. Run 'pod install' or update your CocoaPods installation.\nEOM\n    exit 1\nfi\n";
			showEnvVarsInLog = 0;
		};
		C0A0F6AE4CCA4F92937A0630 /* Copy Pods Resources */ = {
			isa = PBXShellScriptBuildPhase;
			buildActionMask = 2147483647;
			files = (
			);
			inputPaths = (
			);
			name = "Copy Pods Resources";
			outputPaths = (
			);
			runOnlyForDeploymentPostprocessing = 0;
			shellPath = /bin/sh;
			shellScript = "\"${SRCROOT}/Pods/Pods-crypto-sdkTests-resources.sh\"\n";
			showEnvVarsInLog = 0;
		};
/* End PBXShellScriptBuildPhase section */

/* Begin PBXSourcesBuildPhase section */
		6F465B051805632D0097BC5F /* Sources */ = {
			isa = PBXSourcesBuildPhase;
			buildActionMask = 2147483647;
			files = (
				6FBA76A1180D706700D83DDE /* AGRandomGenerator.m in Sources */,
				6FBA76A0180D706700D83DDE /* AGCryptoBox.m in Sources */,
			);
			runOnlyForDeploymentPostprocessing = 0;
		};
		6F9BE754180C0B200045D8AE /* Sources */ = {
			isa = PBXSourcesBuildPhase;
			buildActionMask = 2147483647;
			files = (
				6FBA76A3180D707500D83DDE /* AGCryptoSpec.m in Sources */,
			);
			runOnlyForDeploymentPostprocessing = 0;
		};
/* End PBXSourcesBuildPhase section */

/* Begin PBXTargetDependency section */
		6FE41132180D7543008A5A51 /* PBXTargetDependency */ = {
			isa = PBXTargetDependency;
			target = 6F465B081805632D0097BC5F /* crypto-sdk */;
			targetProxy = 6FE41131180D7543008A5A51 /* PBXContainerItemProxy */;
		};
/* End PBXTargetDependency section */

/* Begin PBXVariantGroup section */
		6F9BE760180C0B200045D8AE /* InfoPlist.strings */ = {
			isa = PBXVariantGroup;
			children = (
				6F9BE761180C0B200045D8AE /* en */,
			);
			name = InfoPlist.strings;
			sourceTree = "<group>";
		};
/* End PBXVariantGroup section */

/* Begin XCBuildConfiguration section */
		6F465B2A1805632E0097BC5F /* Debug */ = {
			isa = XCBuildConfiguration;
			buildSettings = {
				ALWAYS_SEARCH_USER_PATHS = NO;
				CLANG_CXX_LANGUAGE_STANDARD = "gnu++0x";
				CLANG_CXX_LIBRARY = "libc++";
				CLANG_ENABLE_MODULES = YES;
				CLANG_ENABLE_OBJC_ARC = YES;
				CLANG_WARN_BOOL_CONVERSION = YES;
				CLANG_WARN_CONSTANT_CONVERSION = YES;
				CLANG_WARN_DIRECT_OBJC_ISA_USAGE = YES_ERROR;
				CLANG_WARN_EMPTY_BODY = YES;
				CLANG_WARN_ENUM_CONVERSION = YES;
				CLANG_WARN_INT_CONVERSION = YES;
				CLANG_WARN_OBJC_ROOT_CLASS = YES_ERROR;
				CLANG_WARN__DUPLICATE_METHOD_MATCH = YES;
				COPY_PHASE_STRIP = NO;
				GCC_C_LANGUAGE_STANDARD = gnu99;
				GCC_DYNAMIC_NO_PIC = NO;
				GCC_OPTIMIZATION_LEVEL = 0;
				GCC_PREPROCESSOR_DEFINITIONS = (
					"DEBUG=1",
					"$(inherited)",
				);
				GCC_SYMBOLS_PRIVATE_EXTERN = NO;
				GCC_WARN_64_TO_32_BIT_CONVERSION = YES;
				GCC_WARN_ABOUT_RETURN_TYPE = YES_ERROR;
				GCC_WARN_UNDECLARED_SELECTOR = YES;
				GCC_WARN_UNINITIALIZED_AUTOS = YES;
				GCC_WARN_UNUSED_FUNCTION = YES;
				GCC_WARN_UNUSED_VARIABLE = YES;
				IPHONEOS_DEPLOYMENT_TARGET = 7.0;
				ONLY_ACTIVE_ARCH = NO;
				SDKROOT = iphoneos;
				VALID_ARCHS = "armv7 armv7s";
			};
			name = Debug;
		};
		6F465B2B1805632E0097BC5F /* Release */ = {
			isa = XCBuildConfiguration;
			buildSettings = {
				ALWAYS_SEARCH_USER_PATHS = NO;
				CLANG_CXX_LANGUAGE_STANDARD = "gnu++0x";
				CLANG_CXX_LIBRARY = "libc++";
				CLANG_ENABLE_MODULES = YES;
				CLANG_ENABLE_OBJC_ARC = YES;
				CLANG_WARN_BOOL_CONVERSION = YES;
				CLANG_WARN_CONSTANT_CONVERSION = YES;
				CLANG_WARN_DIRECT_OBJC_ISA_USAGE = YES_ERROR;
				CLANG_WARN_EMPTY_BODY = YES;
				CLANG_WARN_ENUM_CONVERSION = YES;
				CLANG_WARN_INT_CONVERSION = YES;
				CLANG_WARN_OBJC_ROOT_CLASS = YES_ERROR;
				CLANG_WARN__DUPLICATE_METHOD_MATCH = YES;
				COPY_PHASE_STRIP = YES;
				ENABLE_NS_ASSERTIONS = NO;
				GCC_C_LANGUAGE_STANDARD = gnu99;
				GCC_WARN_64_TO_32_BIT_CONVERSION = YES;
				GCC_WARN_ABOUT_RETURN_TYPE = YES_ERROR;
				GCC_WARN_UNDECLARED_SELECTOR = YES;
				GCC_WARN_UNINITIALIZED_AUTOS = YES;
				GCC_WARN_UNUSED_FUNCTION = YES;
				GCC_WARN_UNUSED_VARIABLE = YES;
				IPHONEOS_DEPLOYMENT_TARGET = 7.0;
				ONLY_ACTIVE_ARCH = NO;
				SDKROOT = iphoneos;
				VALIDATE_PRODUCT = YES;
				VALID_ARCHS = "armv7 armv7s";
			};
			name = Release;
		};
		6F465B2D1805632E0097BC5F /* Debug */ = {
			isa = XCBuildConfiguration;
			buildSettings = {
				DSTROOT = /tmp/crypto_sdk.dst;
				GCC_PRECOMPILE_PREFIX_HEADER = YES;
				GCC_PREFIX_HEADER = "crypto-sdk/crypto-sdk-Prefix.pch";
				IPHONEOS_DEPLOYMENT_TARGET = 5.0;
				OTHER_LDFLAGS = "-ObjC";
				PRODUCT_NAME = "$(TARGET_NAME)";
				SKIP_INSTALL = YES;
			};
			name = Debug;
		};
		6F465B2E1805632E0097BC5F /* Release */ = {
			isa = XCBuildConfiguration;
			buildSettings = {
				DSTROOT = /tmp/crypto_sdk.dst;
				GCC_PRECOMPILE_PREFIX_HEADER = YES;
				GCC_PREFIX_HEADER = "crypto-sdk/crypto-sdk-Prefix.pch";
				IPHONEOS_DEPLOYMENT_TARGET = 5.0;
				OTHER_LDFLAGS = "-ObjC";
				PRODUCT_NAME = "$(TARGET_NAME)";
				SKIP_INSTALL = YES;
			};
			name = Release;
		};
		6F9BE769180C0B200045D8AE /* Debug */ = {
			isa = XCBuildConfiguration;
			baseConfigurationReference = 1C0677ED7AA143CCBC2E5F5D /* Pods-crypto-sdkTests.xcconfig */;
			buildSettings = {
				ARCHS = "$(ARCHS_STANDARD)";
				FRAMEWORK_SEARCH_PATHS = (
					"$(SDKROOT)/Developer/Library/Frameworks",
					"$(inherited)",
					"$(DEVELOPER_FRAMEWORKS_DIR)",
				);
				GCC_PRECOMPILE_PREFIX_HEADER = YES;
				GCC_PREFIX_HEADER = "crypto-sdkTests/crypto-sdkTests-Prefix.pch";
				GCC_PREPROCESSOR_DEFINITIONS = (
					"DEBUG=1",
					"$(inherited)",
				);
				INFOPLIST_FILE = "crypto-sdkTests/crypto-sdkTests-Info.plist";
				IPHONEOS_DEPLOYMENT_TARGET = 5.0;
				PRODUCT_NAME = "$(TARGET_NAME)";
				WRAPPER_EXTENSION = octest;
			};
			name = Debug;
		};
		6F9BE76A180C0B200045D8AE /* Release */ = {
			isa = XCBuildConfiguration;
			baseConfigurationReference = 1C0677ED7AA143CCBC2E5F5D /* Pods-crypto-sdkTests.xcconfig */;
			buildSettings = {
				ARCHS = "$(ARCHS_STANDARD)";
				FRAMEWORK_SEARCH_PATHS = (
					"$(SDKROOT)/Developer/Library/Frameworks",
					"$(inherited)",
					"$(DEVELOPER_FRAMEWORKS_DIR)",
				);
				GCC_PRECOMPILE_PREFIX_HEADER = YES;
				GCC_PREFIX_HEADER = "crypto-sdkTests/crypto-sdkTests-Prefix.pch";
				INFOPLIST_FILE = "crypto-sdkTests/crypto-sdkTests-Info.plist";
				IPHONEOS_DEPLOYMENT_TARGET = 5.0;
				PRODUCT_NAME = "$(TARGET_NAME)";
				WRAPPER_EXTENSION = octest;
			};
			name = Release;
		};
/* End XCBuildConfiguration section */

/* Begin XCConfigurationList section */
		6F465B041805632D0097BC5F /* Build configuration list for PBXProject "crypto-sdk" */ = {
			isa = XCConfigurationList;
			buildConfigurations = (
				6F465B2A1805632E0097BC5F /* Debug */,
				6F465B2B1805632E0097BC5F /* Release */,
			);
			defaultConfigurationIsVisible = 0;
			defaultConfigurationName = Release;
		};
		6F465B2C1805632E0097BC5F /* Build configuration list for PBXNativeTarget "crypto-sdk" */ = {
			isa = XCConfigurationList;
			buildConfigurations = (
				6F465B2D1805632E0097BC5F /* Debug */,
				6F465B2E1805632E0097BC5F /* Release */,
			);
			defaultConfigurationIsVisible = 0;
			defaultConfigurationName = Release;
		};
		6F9BE768180C0B200045D8AE /* Build configuration list for PBXNativeTarget "crypto-sdkTests" */ = {
			isa = XCConfigurationList;
			buildConfigurations = (
				6F9BE769180C0B200045D8AE /* Debug */,
				6F9BE76A180C0B200045D8AE /* Release */,
			);
			defaultConfigurationIsVisible = 0;
			defaultConfigurationName = Release;
		};
/* End XCConfigurationList section */
	};
	rootObject = 6F465B011805632D0097BC5F /* Project object */;
}
