// !$*UTF8*$!
{
	archiveVersion = 1;
	classes = {
	};
	objectVersion = 46;
	objects = {

/* Begin PBXBuildFile section */
		6F465B0D1805632D0097BC5F /* Foundation.framework in Frameworks */ = {isa = PBXBuildFile; fileRef = 6F465B0C1805632D0097BC5F /* Foundation.framework */; };
		6F465B121805632D0097BC5F /* AeroGearCrypto.h in CopyFiles */ = {isa = PBXBuildFile; fileRef = 6F465B111805632D0097BC5F /* AeroGearCrypto.h */; };
		6F465B331805683D0097BC5F /* Security.framework in Frameworks */ = {isa = PBXBuildFile; fileRef = 6F465B321805683D0097BC5F /* Security.framework */; };
		6F6AB2E1180EE581006AD5EC /* AGSymmetricCryptoEngine.m in Sources */ = {isa = PBXBuildFile; fileRef = 6F6AB2E0180EE581006AD5EC /* AGSymmetricCryptoEngine.m */; };
		6F6AB2E4180EE83F006AD5EC /* AGPBKDF2.m in Sources */ = {isa = PBXBuildFile; fileRef = 6F6AB2E3180EE83F006AD5EC /* AGPBKDF2.m */; };
		6F86F954180FEFA5002B087A /* AGPBKDF2Spec.m in Sources */ = {isa = PBXBuildFile; fileRef = 6F86F953180FEFA5002B087A /* AGPBKDF2Spec.m */; };
		6F86F956181009B5002B087A /* AGRandomGeneratorSpec.m in Sources */ = {isa = PBXBuildFile; fileRef = 6F86F955181009B5002B087A /* AGRandomGeneratorSpec.m */; };
		6F9BE75A180C0B200045D8AE /* SenTestingKit.framework in Frameworks */ = {isa = PBXBuildFile; fileRef = 6F9BE759180C0B200045D8AE /* SenTestingKit.framework */; };
		6F9BE75B180C0B200045D8AE /* Foundation.framework in Frameworks */ = {isa = PBXBuildFile; fileRef = 6F465B0C1805632D0097BC5F /* Foundation.framework */; };
		6F9BE75C180C0B200045D8AE /* UIKit.framework in Frameworks */ = {isa = PBXBuildFile; fileRef = 6F465B1D1805632E0097BC5F /* UIKit.framework */; };
		6F9BE762180C0B200045D8AE /* InfoPlist.strings in Resources */ = {isa = PBXBuildFile; fileRef = 6F9BE760180C0B200045D8AE /* InfoPlist.strings */; };
		6FBA76A0180D706700D83DDE /* AGSecretBox.m in Sources */ = {isa = PBXBuildFile; fileRef = 6FBA769D180D706700D83DDE /* AGSecretBox.m */; };
		6FBA76A1180D706700D83DDE /* AGRandomGenerator.m in Sources */ = {isa = PBXBuildFile; fileRef = 6FBA769F180D706700D83DDE /* AGRandomGenerator.m */; };
		6FBA76A3180D707500D83DDE /* AGSecretBoxSpec.m in Sources */ = {isa = PBXBuildFile; fileRef = 6FBA76A2180D707500D83DDE /* AGSecretBoxSpec.m */; };
		6FBA76A4180D711400D83DDE /* Security.framework in Frameworks */ = {isa = PBXBuildFile; fileRef = 6F465B321805683D0097BC5F /* Security.framework */; };
		6FE41133180D758B008A5A51 /* libcrypto-sdk.a in Frameworks */ = {isa = PBXBuildFile; fileRef = 6F465B091805632D0097BC5F /* libcrypto-sdk.a */; };
		81F4131EAB15C8DCAB5257D9 /* AGVerifyKey.m in Sources */ = {isa = PBXBuildFile; fileRef = 81F41EB58451C7B968DA8A0E /* AGVerifyKey.m */; };
		81F4167FC6A5B5B502B269BB /* AGCryptoBox.m in Sources */ = {isa = PBXBuildFile; fileRef = 81F418D391141C7012CB05BE /* AGCryptoBox.m */; };
		81F416EE363EE463124DAED0 /* AGUtil.m in Sources */ = {isa = PBXBuildFile; fileRef = 81F4128E2498CC40BE06C4E6 /* AGUtil.m */; };
		81F41777045111D4DD68AFAA /* AGUtilSpec.m in Sources */ = {isa = PBXBuildFile; fileRef = 81F4196A05F04961695B186F /* AGUtilSpec.m */; };
		81F418035F52E24DE43A35A1 /* AGHash.m in Sources */ = {isa = PBXBuildFile; fileRef = 81F41A7F744D0EFE8190E12C /* AGHash.m */; };
		81F418CAE3B234638E44B451 /* AGSigningKey.m in Sources */ = {isa = PBXBuildFile; fileRef = 81F41452BEBCF78A4797AE4D /* AGSigningKey.m */; };
		81F418E4FDA1BD265213C473 /* AGCryptoBoxSpec.m in Sources */ = {isa = PBXBuildFile; fileRef = 81F41D6B31555BB3B8602A44 /* AGCryptoBoxSpec.m */; };
		81F41B36B07AE8E58A492615 /* AGKeyPair.m in Sources */ = {isa = PBXBuildFile; fileRef = 81F417D0E94141B0E825D06E /* AGKeyPair.m */; };
		81F41C2DED1BC77221AFD930 /* AGKeyPairSpec.m in Sources */ = {isa = PBXBuildFile; fileRef = 81F41DD492904E22CB9DFB61 /* AGKeyPairSpec.m */; };
		81F41C9948DCE0469BCA535A /* AGHashSpec.m in Sources */ = {isa = PBXBuildFile; fileRef = 81F41AFEA2BEA9251E8A44FA /* AGHashSpec.m */; };
		81F41E48B9374E7FF89B8696 /* AGSigningKeySpec.m in Sources */ = {isa = PBXBuildFile; fileRef = 81F410FED0790997587DFE7D /* AGSigningKeySpec.m */; };
		D96ED974C2DB4A5189FEB9FA /* libPods-crypto-sdkTests.a in Frameworks */ = {isa = PBXBuildFile; fileRef = 99D48B0BF93A48E9A159E810 /* libPods-crypto-sdkTests.a */; };
		E472854429E748799983729F /* libPods.a in Frameworks */ = {isa = PBXBuildFile; fileRef = E6AE8AEE287441D88A80E922 /* libPods.a */; };
/* End PBXBuildFile section */

/* Begin PBXContainerItemProxy section */
		6FE41131180D7543008A5A51 /* PBXContainerItemProxy */ = {
			isa = PBXContainerItemProxy;
			containerPortal = 6F465B011805632D0097BC5F /* Project object */;
			proxyType = 1;
			remoteGlobalIDString = 6F465B081805632D0097BC5F;
			remoteInfo = "crypto-sdk";
		};
/* End PBXContainerItemProxy section */

/* Begin PBXCopyFilesBuildPhase section */
		6F465B071805632D0097BC5F /* CopyFiles */ = {
			isa = PBXCopyFilesBuildPhase;
			buildActionMask = 2147483647;
			dstPath = "include/$(PRODUCT_NAME)";
			dstSubfolderSpec = 16;
			files = (
				6F465B121805632D0097BC5F /* AeroGearCrypto.h in CopyFiles */,
			);
			runOnlyForDeploymentPostprocessing = 0;
		};
/* End PBXCopyFilesBuildPhase section */

/* Begin PBXFileReference section */
		1C0677ED7AA143CCBC2E5F5D /* Pods-crypto-sdkTests.xcconfig */ = {isa = PBXFileReference; includeInIndex = 1; lastKnownFileType = text.xcconfig; name = "Pods-crypto-sdkTests.xcconfig"; path = "Pods/Pods-crypto-sdkTests.xcconfig"; sourceTree = "<group>"; };
		6F465B091805632D0097BC5F /* libcrypto-sdk.a */ = {isa = PBXFileReference; explicitFileType = archive.ar; includeInIndex = 0; path = "libcrypto-sdk.a"; sourceTree = BUILT_PRODUCTS_DIR; };
		6F465B0C1805632D0097BC5F /* Foundation.framework */ = {isa = PBXFileReference; lastKnownFileType = wrapper.framework; name = Foundation.framework; path = System/Library/Frameworks/Foundation.framework; sourceTree = SDKROOT; };
		6F465B101805632D0097BC5F /* crypto-sdk-Prefix.pch */ = {isa = PBXFileReference; lastKnownFileType = sourcecode.c.h; path = "crypto-sdk-Prefix.pch"; sourceTree = "<group>"; };
		6F465B111805632D0097BC5F /* AeroGearCrypto.h */ = {isa = PBXFileReference; lastKnownFileType = sourcecode.c.h; path = AeroGearCrypto.h; sourceTree = "<group>"; };
		6F465B1A1805632E0097BC5F /* XCTest.framework */ = {isa = PBXFileReference; lastKnownFileType = wrapper.framework; name = XCTest.framework; path = Library/Frameworks/XCTest.framework; sourceTree = DEVELOPER_DIR; };
		6F465B1D1805632E0097BC5F /* UIKit.framework */ = {isa = PBXFileReference; lastKnownFileType = wrapper.framework; name = UIKit.framework; path = Library/Frameworks/UIKit.framework; sourceTree = DEVELOPER_DIR; };
		6F465B321805683D0097BC5F /* Security.framework */ = {isa = PBXFileReference; lastKnownFileType = wrapper.framework; name = Security.framework; path = System/Library/Frameworks/Security.framework; sourceTree = SDKROOT; };
		6F6AB2DF180EE581006AD5EC /* AGSymmetricCryptoEngine.h */ = {isa = PBXFileReference; fileEncoding = 4; lastKnownFileType = sourcecode.c.h; path = AGSymmetricCryptoEngine.h; sourceTree = "<group>"; };
		6F6AB2E0180EE581006AD5EC /* AGSymmetricCryptoEngine.m */ = {isa = PBXFileReference; fileEncoding = 4; lastKnownFileType = sourcecode.c.objc; path = AGSymmetricCryptoEngine.m; sourceTree = "<group>"; };
		6F6AB2E2180EE83F006AD5EC /* AGPBKDF2.h */ = {isa = PBXFileReference; fileEncoding = 4; lastKnownFileType = sourcecode.c.h; path = AGPBKDF2.h; sourceTree = "<group>"; };
		6F6AB2E3180EE83F006AD5EC /* AGPBKDF2.m */ = {isa = PBXFileReference; fileEncoding = 4; lastKnownFileType = sourcecode.c.objc; path = AGPBKDF2.m; sourceTree = "<group>"; };
		6F86F953180FEFA5002B087A /* AGPBKDF2Spec.m */ = {isa = PBXFileReference; fileEncoding = 4; lastKnownFileType = sourcecode.c.objc; path = AGPBKDF2Spec.m; sourceTree = "<group>"; };
		6F86F955181009B5002B087A /* AGRandomGeneratorSpec.m */ = {isa = PBXFileReference; fileEncoding = 4; lastKnownFileType = sourcecode.c.objc; path = AGRandomGeneratorSpec.m; sourceTree = "<group>"; };
		6F9BE758180C0B200045D8AE /* crypto-sdkTests.octest */ = {isa = PBXFileReference; explicitFileType = wrapper.cfbundle; includeInIndex = 0; path = "crypto-sdkTests.octest"; sourceTree = BUILT_PRODUCTS_DIR; };
		6F9BE759180C0B200045D8AE /* SenTestingKit.framework */ = {isa = PBXFileReference; lastKnownFileType = wrapper.framework; name = SenTestingKit.framework; path = Library/Frameworks/SenTestingKit.framework; sourceTree = DEVELOPER_DIR; };
		6F9BE75F180C0B200045D8AE /* crypto-sdkTests-Info.plist */ = {isa = PBXFileReference; lastKnownFileType = text.plist.xml; path = "crypto-sdkTests-Info.plist"; sourceTree = "<group>"; };
		6F9BE761180C0B200045D8AE /* en */ = {isa = PBXFileReference; lastKnownFileType = text.plist.strings; name = en; path = en.lproj/InfoPlist.strings; sourceTree = "<group>"; };
		6F9BE765180C0B200045D8AE /* crypto-sdkTests-Prefix.pch */ = {isa = PBXFileReference; lastKnownFileType = sourcecode.c.h; path = "crypto-sdkTests-Prefix.pch"; sourceTree = "<group>"; };
		6FBA769B180D706700D83DDE /* AeroGearCrypto.h */ = {isa = PBXFileReference; fileEncoding = 4; lastKnownFileType = sourcecode.c.h; path = AeroGearCrypto.h; sourceTree = "<group>"; };
		6FBA769C180D706700D83DDE /* AGSecretBox.h */ = {isa = PBXFileReference; fileEncoding = 4; lastKnownFileType = sourcecode.c.h; path = AGSecretBox.h; sourceTree = "<group>"; };
		6FBA769D180D706700D83DDE /* AGSecretBox.m */ = {isa = PBXFileReference; fileEncoding = 4; lastKnownFileType = sourcecode.c.objc; path = AGSecretBox.m; sourceTree = "<group>"; };
		6FBA769E180D706700D83DDE /* AGRandomGenerator.h */ = {isa = PBXFileReference; fileEncoding = 4; lastKnownFileType = sourcecode.c.h; path = AGRandomGenerator.h; sourceTree = "<group>"; };
		6FBA769F180D706700D83DDE /* AGRandomGenerator.m */ = {isa = PBXFileReference; fileEncoding = 4; lastKnownFileType = sourcecode.c.objc; path = AGRandomGenerator.m; sourceTree = "<group>"; };
		6FBA76A2180D707500D83DDE /* AGSecretBoxSpec.m */ = {isa = PBXFileReference; fileEncoding = 4; lastKnownFileType = sourcecode.c.objc; path = AGSecretBoxSpec.m; sourceTree = "<group>"; };
		81F410FED0790997587DFE7D /* AGSigningKeySpec.m */ = {isa = PBXFileReference; fileEncoding = 4; lastKnownFileType = sourcecode.c.objc; path = AGSigningKeySpec.m; sourceTree = "<group>"; };
		81F411FB33D774BA75DEC08D /* AGVerifyKey.h */ = {isa = PBXFileReference; fileEncoding = 4; lastKnownFileType = sourcecode.c.h; path = AGVerifyKey.h; sourceTree = "<group>"; };
		81F4128E2498CC40BE06C4E6 /* AGUtil.m */ = {isa = PBXFileReference; fileEncoding = 4; lastKnownFileType = sourcecode.c.objc; path = AGUtil.m; sourceTree = "<group>"; };
		81F41452BEBCF78A4797AE4D /* AGSigningKey.m */ = {isa = PBXFileReference; fileEncoding = 4; lastKnownFileType = sourcecode.c.objc; path = AGSigningKey.m; sourceTree = "<group>"; };
		81F414CA0E9E7E6FDDDC0AB6 /* AGHash.h */ = {isa = PBXFileReference; fileEncoding = 4; lastKnownFileType = sourcecode.c.h; path = AGHash.h; sourceTree = "<group>"; };
		81F417D0E94141B0E825D06E /* AGKeyPair.m */ = {isa = PBXFileReference; fileEncoding = 4; lastKnownFileType = sourcecode.c.objc; path = AGKeyPair.m; sourceTree = "<group>"; };
		81F418D391141C7012CB05BE /* AGCryptoBox.m */ = {isa = PBXFileReference; fileEncoding = 4; lastKnownFileType = sourcecode.c.objc; path = AGCryptoBox.m; sourceTree = "<group>"; };
		81F4196A05F04961695B186F /* AGUtilSpec.m */ = {isa = PBXFileReference; fileEncoding = 4; lastKnownFileType = sourcecode.c.objc; path = AGUtilSpec.m; sourceTree = "<group>"; };
		81F41A7F744D0EFE8190E12C /* AGHash.m */ = {isa = PBXFileReference; fileEncoding = 4; lastKnownFileType = sourcecode.c.objc; path = AGHash.m; sourceTree = "<group>"; };
		81F41AC0F03D574E3849AC27 /* AGUtil.h */ = {isa = PBXFileReference; fileEncoding = 4; lastKnownFileType = sourcecode.c.h; path = AGUtil.h; sourceTree = "<group>"; };
		81F41AFEA2BEA9251E8A44FA /* AGHashSpec.m */ = {isa = PBXFileReference; fileEncoding = 4; lastKnownFileType = sourcecode.c.objc; path = AGHashSpec.m; sourceTree = "<group>"; };
		81F41B6F7D0F2CA0344C1352 /* AGCryptoBox.h */ = {isa = PBXFileReference; fileEncoding = 4; lastKnownFileType = sourcecode.c.h; path = AGCryptoBox.h; sourceTree = "<group>"; };
		81F41D6B31555BB3B8602A44 /* AGCryptoBoxSpec.m */ = {isa = PBXFileReference; fileEncoding = 4; lastKnownFileType = sourcecode.c.objc; path = AGCryptoBoxSpec.m; sourceTree = "<group>"; };
		81F41DCD7CF48F4AB6EA8856 /* AGSigningKey.h */ = {isa = PBXFileReference; fileEncoding = 4; lastKnownFileType = sourcecode.c.h; path = AGSigningKey.h; sourceTree = "<group>"; };
		81F41DD492904E22CB9DFB61 /* AGKeyPairSpec.m */ = {isa = PBXFileReference; fileEncoding = 4; lastKnownFileType = sourcecode.c.objc; path = AGKeyPairSpec.m; sourceTree = "<group>"; };
		81F41EB58451C7B968DA8A0E /* AGVerifyKey.m */ = {isa = PBXFileReference; fileEncoding = 4; lastKnownFileType = sourcecode.c.objc; path = AGVerifyKey.m; sourceTree = "<group>"; };
		81F41EE42C908C275F179781 /* AGKeyPair.h */ = {isa = PBXFileReference; fileEncoding = 4; lastKnownFileType = sourcecode.c.h; path = AGKeyPair.h; sourceTree = "<group>"; };
		99D48B0BF93A48E9A159E810 /* libPods-crypto-sdkTests.a */ = {isa = PBXFileReference; explicitFileType = archive.ar; includeInIndex = 0; path = "libPods-crypto-sdkTests.a"; sourceTree = BUILT_PRODUCTS_DIR; };
		E6AE8AEE287441D88A80E922 /* libPods.a */ = {isa = PBXFileReference; explicitFileType = archive.ar; includeInIndex = 0; path = libPods.a; sourceTree = BUILT_PRODUCTS_DIR; };
		F3A1E8AB9CCB41159F482BDC /* Pods.xcconfig */ = {isa = PBXFileReference; includeInIndex = 1; lastKnownFileType = text.xcconfig; name = Pods.xcconfig; path = Pods/Pods.xcconfig; sourceTree = "<group>"; };
/* End PBXFileReference section */

/* Begin PBXFrameworksBuildPhase section */
		6F465B061805632D0097BC5F /* Frameworks */ = {
			isa = PBXFrameworksBuildPhase;
			buildActionMask = 2147483647;
			files = (
				6F465B331805683D0097BC5F /* Security.framework in Frameworks */,
				6F465B0D1805632D0097BC5F /* Foundation.framework in Frameworks */,
				E472854429E748799983729F /* libPods.a in Frameworks */,
			);
			runOnlyForDeploymentPostprocessing = 0;
		};
		6F9BE755180C0B200045D8AE /* Frameworks */ = {
			isa = PBXFrameworksBuildPhase;
			buildActionMask = 2147483647;
			files = (
				6FE41133180D758B008A5A51 /* libcrypto-sdk.a in Frameworks */,
				6FBA76A4180D711400D83DDE /* Security.framework in Frameworks */,
				6F9BE75A180C0B200045D8AE /* SenTestingKit.framework in Frameworks */,
				6F9BE75C180C0B200045D8AE /* UIKit.framework in Frameworks */,
				6F9BE75B180C0B200045D8AE /* Foundation.framework in Frameworks */,
				D96ED974C2DB4A5189FEB9FA /* libPods-crypto-sdkTests.a in Frameworks */,
			);
			runOnlyForDeploymentPostprocessing = 0;
		};
/* End PBXFrameworksBuildPhase section */

/* Begin PBXGroup section */
		6F465B001805632D0097BC5F = {
			isa = PBXGroup;
			children = (
				6F465B0E1805632D0097BC5F /* crypto-sdk */,
				6F9BE75D180C0B200045D8AE /* crypto-sdkTests */,
				6F465B0B1805632D0097BC5F /* Frameworks */,
				6F465B0A1805632D0097BC5F /* Products */,
				1C0677ED7AA143CCBC2E5F5D /* Pods-crypto-sdkTests.xcconfig */,
				F3A1E8AB9CCB41159F482BDC /* Pods.xcconfig */,
			);
			sourceTree = "<group>";
		};
		6F465B0A1805632D0097BC5F /* Products */ = {
			isa = PBXGroup;
			children = (
				6F465B091805632D0097BC5F /* libcrypto-sdk.a */,
				6F9BE758180C0B200045D8AE /* crypto-sdkTests.octest */,
			);
			name = Products;
			sourceTree = "<group>";
		};
		6F465B0B1805632D0097BC5F /* Frameworks */ = {
			isa = PBXGroup;
			children = (
				6F465B321805683D0097BC5F /* Security.framework */,
				6F465B0C1805632D0097BC5F /* Foundation.framework */,
				6F465B1A1805632E0097BC5F /* XCTest.framework */,
				6F465B1D1805632E0097BC5F /* UIKit.framework */,
				99D48B0BF93A48E9A159E810 /* libPods-crypto-sdkTests.a */,
				6F9BE759180C0B200045D8AE /* SenTestingKit.framework */,
				E6AE8AEE287441D88A80E922 /* libPods.a */,
			);
			name = Frameworks;
			sourceTree = "<group>";
		};
		6F465B0E1805632D0097BC5F /* crypto-sdk */ = {
			isa = PBXGroup;
			children = (
				6FBA769B180D706700D83DDE /* AeroGearCrypto.h */,
				6F6AB2E2180EE83F006AD5EC /* AGPBKDF2.h */,
				6F6AB2E3180EE83F006AD5EC /* AGPBKDF2.m */,
				6F6AB2DF180EE581006AD5EC /* AGSymmetricCryptoEngine.h */,
				6F6AB2E0180EE581006AD5EC /* AGSymmetricCryptoEngine.m */,
				6FBA769C180D706700D83DDE /* AGSecretBox.h */,
				6FBA769D180D706700D83DDE /* AGSecretBox.m */,
				6FBA769E180D706700D83DDE /* AGRandomGenerator.h */,
				6FBA769F180D706700D83DDE /* AGRandomGenerator.m */,
				6F465B111805632D0097BC5F /* AeroGearCrypto.h */,
				6F465B0F1805632D0097BC5F /* Supporting Files */,
				81F414CA0E9E7E6FDDDC0AB6 /* AGHash.h */,
				81F41A7F744D0EFE8190E12C /* AGHash.m */,
				81F41AC0F03D574E3849AC27 /* AGUtil.h */,
				81F4128E2498CC40BE06C4E6 /* AGUtil.m */,
				81F41DCD7CF48F4AB6EA8856 /* AGSigningKey.h */,
				81F41452BEBCF78A4797AE4D /* AGSigningKey.m */,
				81F411FB33D774BA75DEC08D /* AGVerifyKey.h */,
				81F41EB58451C7B968DA8A0E /* AGVerifyKey.m */,
				81F41EE42C908C275F179781 /* AGKeyPair.h */,
				81F417D0E94141B0E825D06E /* AGKeyPair.m */,
				81F41B6F7D0F2CA0344C1352 /* AGCryptoBox.h */,
				81F418D391141C7012CB05BE /* AGCryptoBox.m */,
			);
			path = "crypto-sdk";
			sourceTree = "<group>";
		};
		6F465B0F1805632D0097BC5F /* Supporting Files */ = {
			isa = PBXGroup;
			children = (
				6F465B101805632D0097BC5F /* crypto-sdk-Prefix.pch */,
			);
			name = "Supporting Files";
			sourceTree = "<group>";
		};
		6F9BE75D180C0B200045D8AE /* crypto-sdkTests */ = {
			isa = PBXGroup;
			children = (
				6F9BE75E180C0B200045D8AE /* Supporting Files */,
				6FBA76A2180D707500D83DDE /* AGSecretBoxSpec.m */,
				6F86F953180FEFA5002B087A /* AGPBKDF2Spec.m */,
				6F86F955181009B5002B087A /* AGRandomGeneratorSpec.m */,
				81F41AFEA2BEA9251E8A44FA /* AGHashSpec.m */,
				81F410FED0790997587DFE7D /* AGSigningKeySpec.m */,
				81F4196A05F04961695B186F /* AGUtilSpec.m */,
				81F41DD492904E22CB9DFB61 /* AGKeyPairSpec.m */,
				81F41D6B31555BB3B8602A44 /* AGCryptoBoxSpec.m */,
			);
			path = "crypto-sdkTests";
			sourceTree = "<group>";
		};
		6F9BE75E180C0B200045D8AE /* Supporting Files */ = {
			isa = PBXGroup;
			children = (
				6F9BE75F180C0B200045D8AE /* crypto-sdkTests-Info.plist */,
				6F9BE760180C0B200045D8AE /* InfoPlist.strings */,
				6F9BE765180C0B200045D8AE /* crypto-sdkTests-Prefix.pch */,
			);
			name = "Supporting Files";
			sourceTree = "<group>";
		};
/* End PBXGroup section */

/* Begin PBXNativeTarget section */
		6F465B081805632D0097BC5F /* crypto-sdk */ = {
			isa = PBXNativeTarget;
			buildConfigurationList = 6F465B2C1805632E0097BC5F /* Build configuration list for PBXNativeTarget "crypto-sdk" */;
			buildPhases = (
				33C1DCFDA68F40928C253FC4 /* Check Pods Manifest.lock */,
				6F465B051805632D0097BC5F /* Sources */,
				6F465B061805632D0097BC5F /* Frameworks */,
				6F465B071805632D0097BC5F /* CopyFiles */,
				FF2D1A49C5534AF38669529F /* Copy Pods Resources */,
			);
			buildRules = (
			);
			dependencies = (
			);
			name = "crypto-sdk";
			productName = "crypto-sdk";
			productReference = 6F465B091805632D0097BC5F /* libcrypto-sdk.a */;
			productType = "com.apple.product-type.library.static";
		};
		6F9BE757180C0B200045D8AE /* crypto-sdkTests */ = {
			isa = PBXNativeTarget;
			buildConfigurationList = 6F9BE768180C0B200045D8AE /* Build configuration list for PBXNativeTarget "crypto-sdkTests" */;
			buildPhases = (
				80D422A121C24C2F926A5B61 /* Check Pods Manifest.lock */,
				6F9BE754180C0B200045D8AE /* Sources */,
				6F9BE755180C0B200045D8AE /* Frameworks */,
				6F9BE756180C0B200045D8AE /* Resources */,
				C0A0F6AE4CCA4F92937A0630 /* Copy Pods Resources */,
			);
			buildRules = (
			);
			dependencies = (
				6FE41132180D7543008A5A51 /* PBXTargetDependency */,
			);
			name = "crypto-sdkTests";
			productName = "crypto-sdkTests";
			productReference = 6F9BE758180C0B200045D8AE /* crypto-sdkTests.octest */;
			productType = "com.apple.product-type.bundle";
		};
/* End PBXNativeTarget section */

/* Begin PBXProject section */
		6F465B011805632D0097BC5F /* Project object */ = {
			isa = PBXProject;
			attributes = {
				LastUpgradeCheck = 0500;
				ORGANIZATIONNAME = AeroGear;
				TargetAttributes = {
					6F9BE757180C0B200045D8AE = {
						TestTargetID = 6F465B081805632D0097BC5F;
					};
				};
			};
			buildConfigurationList = 6F465B041805632D0097BC5F /* Build configuration list for PBXProject "crypto-sdk" */;
			compatibilityVersion = "Xcode 3.2";
			developmentRegion = English;
			hasScannedForEncodings = 0;
			knownRegions = (
				en,
			);
			mainGroup = 6F465B001805632D0097BC5F;
			productRefGroup = 6F465B0A1805632D0097BC5F /* Products */;
			projectDirPath = "";
			projectRoot = "";
			targets = (
				6F465B081805632D0097BC5F /* crypto-sdk */,
				6F9BE757180C0B200045D8AE /* crypto-sdkTests */,
			);
		};
/* End PBXProject section */

/* Begin PBXResourcesBuildPhase section */
		6F9BE756180C0B200045D8AE /* Resources */ = {
			isa = PBXResourcesBuildPhase;
			buildActionMask = 2147483647;
			files = (
				6F9BE762180C0B200045D8AE /* InfoPlist.strings in Resources */,
			);
			runOnlyForDeploymentPostprocessing = 0;
		};
/* End PBXResourcesBuildPhase section */

/* Begin PBXShellScriptBuildPhase section */
		33C1DCFDA68F40928C253FC4 /* Check Pods Manifest.lock */ = {
			isa = PBXShellScriptBuildPhase;
			buildActionMask = 2147483647;
			files = (
			);
			inputPaths = (
			);
			name = "Check Pods Manifest.lock";
			outputPaths = (
			);
			runOnlyForDeploymentPostprocessing = 0;
			shellPath = /bin/sh;
			shellScript = "diff \"${PODS_ROOT}/../Podfile.lock\" \"${PODS_ROOT}/Manifest.lock\" > /dev/null\nif [[ $? != 0 ]] ; then\n    cat << EOM\nerror: The sandbox is not in sync with the Podfile.lock. Run 'pod install' or update your CocoaPods installation.\nEOM\n    exit 1\nfi\n";
			showEnvVarsInLog = 0;
		};
		80D422A121C24C2F926A5B61 /* Check Pods Manifest.lock */ = {
			isa = PBXShellScriptBuildPhase;
			buildActionMask = 2147483647;
			files = (
			);
			inputPaths = (
			);
			name = "Check Pods Manifest.lock";
			outputPaths = (
			);
			runOnlyForDeploymentPostprocessing = 0;
			shellPath = /bin/sh;
			shellScript = "diff \"${PODS_ROOT}/../Podfile.lock\" \"${PODS_ROOT}/Manifest.lock\" > /dev/null\nif [[ $? != 0 ]] ; then\n    cat << EOM\nerror: The sandbox is not in sync with the Podfile.lock. Run 'pod install' or update your CocoaPods installation.\nEOM\n    exit 1\nfi\n";
			showEnvVarsInLog = 0;
		};
		C0A0F6AE4CCA4F92937A0630 /* Copy Pods Resources */ = {
			isa = PBXShellScriptBuildPhase;
			buildActionMask = 2147483647;
			files = (
			);
			inputPaths = (
			);
			name = "Copy Pods Resources";
			outputPaths = (
			);
			runOnlyForDeploymentPostprocessing = 0;
			shellPath = /bin/sh;
			shellScript = "\"${SRCROOT}/Pods/Pods-crypto-sdkTests-resources.sh\"\n";
			showEnvVarsInLog = 0;
		};
		FF2D1A49C5534AF38669529F /* Copy Pods Resources */ = {
			isa = PBXShellScriptBuildPhase;
			buildActionMask = 2147483647;
			files = (
			);
			inputPaths = (
			);
			name = "Copy Pods Resources";
			outputPaths = (
			);
			runOnlyForDeploymentPostprocessing = 0;
			shellPath = /bin/sh;
			shellScript = "\"${SRCROOT}/Pods/Pods-resources.sh\"\n";
			showEnvVarsInLog = 0;
		};
/* End PBXShellScriptBuildPhase section */

/* Begin PBXSourcesBuildPhase section */
		6F465B051805632D0097BC5F /* Sources */ = {
			isa = PBXSourcesBuildPhase;
			buildActionMask = 2147483647;
			files = (
				6F6AB2E4180EE83F006AD5EC /* AGPBKDF2.m in Sources */,
				6F6AB2E1180EE581006AD5EC /* AGSymmetricCryptoEngine.m in Sources */,
				6FBA76A1180D706700D83DDE /* AGRandomGenerator.m in Sources */,
				6FBA76A0180D706700D83DDE /* AGSecretBox.m in Sources */,
				81F418035F52E24DE43A35A1 /* AGHash.m in Sources */,
				81F416EE363EE463124DAED0 /* AGUtil.m in Sources */,
				81F41B36B07AE8E58A492615 /* AGKeyPair.m in Sources */,
				81F4167FC6A5B5B502B269BB /* AGCryptoBox.m in Sources */,
			);
			runOnlyForDeploymentPostprocessing = 0;
		};
		6F9BE754180C0B200045D8AE /* Sources */ = {
			isa = PBXSourcesBuildPhase;
			buildActionMask = 2147483647;
			files = (
				6FBA76A3180D707500D83DDE /* AGSecretBoxSpec.m in Sources */,
				6F86F956181009B5002B087A /* AGRandomGeneratorSpec.m in Sources */,
				6F86F954180FEFA5002B087A /* AGPBKDF2Spec.m in Sources */,
				81F41C9948DCE0469BCA535A /* AGHashSpec.m in Sources */,
				81F41E48B9374E7FF89B8696 /* AGSigningKeySpec.m in Sources */,
				81F41777045111D4DD68AFAA /* AGUtilSpec.m in Sources */,
				81F418CAE3B234638E44B451 /* AGSigningKey.m in Sources */,
				81F4131EAB15C8DCAB5257D9 /* AGVerifyKey.m in Sources */,
				81F41C2DED1BC77221AFD930 /* AGKeyPairSpec.m in Sources */,
				81F418E4FDA1BD265213C473 /* AGCryptoBoxSpec.m in Sources */,
			);
			runOnlyForDeploymentPostprocessing = 0;
		};
/* End PBXSourcesBuildPhase section */

/* Begin PBXTargetDependency section */
		6FE41132180D7543008A5A51 /* PBXTargetDependency */ = {
			isa = PBXTargetDependency;
			target = 6F465B081805632D0097BC5F /* crypto-sdk */;
			targetProxy = 6FE41131180D7543008A5A51 /* PBXContainerItemProxy */;
		};
/* End PBXTargetDependency section */

/* Begin PBXVariantGroup section */
		6F9BE760180C0B200045D8AE /* InfoPlist.strings */ = {
			isa = PBXVariantGroup;
			children = (
				6F9BE761180C0B200045D8AE /* en */,
			);
			name = InfoPlist.strings;
			sourceTree = "<group>";
		};
/* End PBXVariantGroup section */

/* Begin XCBuildConfiguration section */
		6F465B2A1805632E0097BC5F /* Debug */ = {
			isa = XCBuildConfiguration;
			buildSettings = {
				ALWAYS_SEARCH_USER_PATHS = NO;
				CLANG_CXX_LANGUAGE_STANDARD = "gnu++0x";
				CLANG_CXX_LIBRARY = "libc++";
				CLANG_ENABLE_MODULES = YES;
				CLANG_ENABLE_OBJC_ARC = YES;
				CLANG_WARN_BOOL_CONVERSION = YES;
				CLANG_WARN_CONSTANT_CONVERSION = YES;
				CLANG_WARN_DIRECT_OBJC_ISA_USAGE = YES_ERROR;
				CLANG_WARN_EMPTY_BODY = YES;
				CLANG_WARN_ENUM_CONVERSION = YES;
				CLANG_WARN_INT_CONVERSION = YES;
				CLANG_WARN_OBJC_ROOT_CLASS = YES_ERROR;
				CLANG_WARN__DUPLICATE_METHOD_MATCH = YES;
				COPY_PHASE_STRIP = NO;
				GCC_C_LANGUAGE_STANDARD = gnu99;
				GCC_DYNAMIC_NO_PIC = NO;
				GCC_OPTIMIZATION_LEVEL = 0;
				GCC_PREPROCESSOR_DEFINITIONS = (
					"DEBUG=1",
					"$(inherited)",
				);
				GCC_SYMBOLS_PRIVATE_EXTERN = NO;
				GCC_WARN_64_TO_32_BIT_CONVERSION = YES;
				GCC_WARN_ABOUT_RETURN_TYPE = YES_ERROR;
				GCC_WARN_UNDECLARED_SELECTOR = YES;
				GCC_WARN_UNINITIALIZED_AUTOS = YES;
				GCC_WARN_UNUSED_FUNCTION = YES;
				GCC_WARN_UNUSED_VARIABLE = YES;
				IPHONEOS_DEPLOYMENT_TARGET = 7.0;
				ONLY_ACTIVE_ARCH = YES;
				SDKROOT = iphoneos;
				VALID_ARCHS = "armv7 armv7s";
			};
			name = Debug;
		};
		6F465B2B1805632E0097BC5F /* Release */ = {
			isa = XCBuildConfiguration;
			buildSettings = {
				ALWAYS_SEARCH_USER_PATHS = NO;
				CLANG_CXX_LANGUAGE_STANDARD = "gnu++0x";
				CLANG_CXX_LIBRARY = "libc++";
				CLANG_ENABLE_MODULES = YES;
				CLANG_ENABLE_OBJC_ARC = YES;
				CLANG_WARN_BOOL_CONVERSION = YES;
				CLANG_WARN_CONSTANT_CONVERSION = YES;
				CLANG_WARN_DIRECT_OBJC_ISA_USAGE = YES_ERROR;
				CLANG_WARN_EMPTY_BODY = YES;
				CLANG_WARN_ENUM_CONVERSION = YES;
				CLANG_WARN_INT_CONVERSION = YES;
				CLANG_WARN_OBJC_ROOT_CLASS = YES_ERROR;
				CLANG_WARN__DUPLICATE_METHOD_MATCH = YES;
				COPY_PHASE_STRIP = YES;
				ENABLE_NS_ASSERTIONS = NO;
				GCC_C_LANGUAGE_STANDARD = gnu99;
				GCC_WARN_64_TO_32_BIT_CONVERSION = YES;
				GCC_WARN_ABOUT_RETURN_TYPE = YES_ERROR;
				GCC_WARN_UNDECLARED_SELECTOR = YES;
				GCC_WARN_UNINITIALIZED_AUTOS = YES;
				GCC_WARN_UNUSED_FUNCTION = YES;
				GCC_WARN_UNUSED_VARIABLE = YES;
				IPHONEOS_DEPLOYMENT_TARGET = 7.0;
				ONLY_ACTIVE_ARCH = NO;
				SDKROOT = iphoneos;
				VALIDATE_PRODUCT = YES;
				VALID_ARCHS = "armv7 armv7s";
			};
			name = Release;
		};
		6F465B2D1805632E0097BC5F /* Debug */ = {
			isa = XCBuildConfiguration;
			baseConfigurationReference = F3A1E8AB9CCB41159F482BDC /* Pods.xcconfig */;
			buildSettings = {
				DSTROOT = /tmp/crypto_sdk.dst;
				GCC_PRECOMPILE_PREFIX_HEADER = YES;
				GCC_PREFIX_HEADER = "crypto-sdk/crypto-sdk-Prefix.pch";
				IPHONEOS_DEPLOYMENT_TARGET = 5.0;
				OTHER_LDFLAGS = "-ObjC";
				PRODUCT_NAME = "$(TARGET_NAME)";
				SKIP_INSTALL = YES;
			};
			name = Debug;
		};
		6F465B2E1805632E0097BC5F /* Release */ = {
			isa = XCBuildConfiguration;
			baseConfigurationReference = F3A1E8AB9CCB41159F482BDC /* Pods.xcconfig */;
			buildSettings = {
				DSTROOT = /tmp/crypto_sdk.dst;
				GCC_PRECOMPILE_PREFIX_HEADER = YES;
				GCC_PREFIX_HEADER = "crypto-sdk/crypto-sdk-Prefix.pch";
				IPHONEOS_DEPLOYMENT_TARGET = 5.0;
				OTHER_LDFLAGS = "-ObjC";
				PRODUCT_NAME = "$(TARGET_NAME)";
				SKIP_INSTALL = YES;
			};
			name = Release;
		};
		6F9BE769180C0B200045D8AE /* Debug */ = {
			isa = XCBuildConfiguration;
			baseConfigurationReference = 1C0677ED7AA143CCBC2E5F5D /* Pods-crypto-sdkTests.xcconfig */;
			buildSettings = {
				FRAMEWORK_SEARCH_PATHS = (
					"$(SDKROOT)/Developer/Library/Frameworks",
					"$(inherited)",
					"$(DEVELOPER_FRAMEWORKS_DIR)",
				);
				GCC_PRECOMPILE_PREFIX_HEADER = YES;
				GCC_PREFIX_HEADER = "crypto-sdkTests/crypto-sdkTests-Prefix.pch";
				GCC_PREPROCESSOR_DEFINITIONS = (
					"DEBUG=1",
					"$(inherited)",
				);
				INFOPLIST_FILE = "crypto-sdkTests/crypto-sdkTests-Info.plist";
				IPHONEOS_DEPLOYMENT_TARGET = 5.0;
				PRODUCT_NAME = "$(TARGET_NAME)";
				WRAPPER_EXTENSION = octest;
			};
			name = Debug;
		};
		6F9BE76A180C0B200045D8AE /* Release */ = {
			isa = XCBuildConfiguration;
			baseConfigurationReference = 1C0677ED7AA143CCBC2E5F5D /* Pods-crypto-sdkTests.xcconfig */;
			buildSettings = {
				FRAMEWORK_SEARCH_PATHS = (
					"$(SDKROOT)/Developer/Library/Frameworks",
					"$(inherited)",
					"$(DEVELOPER_FRAMEWORKS_DIR)",
				);
				GCC_PRECOMPILE_PREFIX_HEADER = YES;
				GCC_PREFIX_HEADER = "crypto-sdkTests/crypto-sdkTests-Prefix.pch";
				INFOPLIST_FILE = "crypto-sdkTests/crypto-sdkTests-Info.plist";
				IPHONEOS_DEPLOYMENT_TARGET = 5.0;
				PRODUCT_NAME = "$(TARGET_NAME)";
				WRAPPER_EXTENSION = octest;
			};
			name = Release;
		};
/* End XCBuildConfiguration section */

/* Begin XCConfigurationList section */
		6F465B041805632D0097BC5F /* Build configuration list for PBXProject "crypto-sdk" */ = {
			isa = XCConfigurationList;
			buildConfigurations = (
				6F465B2A1805632E0097BC5F /* Debug */,
				6F465B2B1805632E0097BC5F /* Release */,
			);
			defaultConfigurationIsVisible = 0;
			defaultConfigurationName = Release;
		};
		6F465B2C1805632E0097BC5F /* Build configuration list for PBXNativeTarget "crypto-sdk" */ = {
			isa = XCConfigurationList;
			buildConfigurations = (
				6F465B2D1805632E0097BC5F /* Debug */,
				6F465B2E1805632E0097BC5F /* Release */,
			);
			defaultConfigurationIsVisible = 0;
			defaultConfigurationName = Release;
		};
		6F9BE768180C0B200045D8AE /* Build configuration list for PBXNativeTarget "crypto-sdkTests" */ = {
			isa = XCConfigurationList;
			buildConfigurations = (
				6F9BE769180C0B200045D8AE /* Debug */,
				6F9BE76A180C0B200045D8AE /* Release */,
			);
			defaultConfigurationIsVisible = 0;
			defaultConfigurationName = Release;
		};
/* End XCConfigurationList section */
	};
	rootObject = 6F465B011805632D0097BC5F /* Project object */;
}
